// !$*UTF8*$!
{
	archiveVersion = 1;
	classes = {
	};
	objectVersion = 56;
	objects = {

/* Begin PBXBuildFile section */
		BEC7169A2C587573009535BD /* AppDelegate.swift in Sources */ = {isa = PBXBuildFile; fileRef = BEC716992C587573009535BD /* AppDelegate.swift */; };
		BEC7169C2C587573009535BD /* SceneDelegate.swift in Sources */ = {isa = PBXBuildFile; fileRef = BEC7169B2C587573009535BD /* SceneDelegate.swift */; };
		BEC7169E2C587573009535BD /* ViewController.swift in Sources */ = {isa = PBXBuildFile; fileRef = BEC7169D2C587573009535BD /* ViewController.swift */; };
		BEC716A32C587575009535BD /* Assets.xcassets in Resources */ = {isa = PBXBuildFile; fileRef = BEC716A22C587575009535BD /* Assets.xcassets */; };
		BEC716A62C587575009535BD /* Base in Resources */ = {isa = PBXBuildFile; fileRef = BEC716A52C587575009535BD /* Base */; };
		BEC716AF2C58759A009535BD /* RxCocoa in Frameworks */ = {isa = PBXBuildFile; productRef = BEC716AE2C58759A009535BD /* RxCocoa */; };
		BEC716B12C58759A009535BD /* RxSwift in Frameworks */ = {isa = PBXBuildFile; productRef = BEC716B02C58759A009535BD /* RxSwift */; };
		BEC716B72C587B08009535BD /* SnapKit in Frameworks */ = {isa = PBXBuildFile; productRef = BEC716B62C587B08009535BD /* SnapKit */; };
		BEC716C22C58D90A009535BD /* .gitignore in Resources */ = {isa = PBXBuildFile; fileRef = BEC716C12C58D90A009535BD /* .gitignore */; };
		BEC716C72C58D999009535BD /* UIViewController+.swift in Sources */ = {isa = PBXBuildFile; fileRef = BEC716C62C58D999009535BD /* UIViewController+.swift */; };
		BEC716C92C58D9D6009535BD /* RxCocoa+.swift in Sources */ = {isa = PBXBuildFile; fileRef = BEC716C82C58D9D6009535BD /* RxCocoa+.swift */; };
		BEC716CB2C58D9F5009535BD /* RxSwift+.swift in Sources */ = {isa = PBXBuildFile; fileRef = BEC716CA2C58D9F5009535BD /* RxSwift+.swift */; };
		BEC716CD2C58DA12009535BD /* Snapkit+.swift in Sources */ = {isa = PBXBuildFile; fileRef = BEC716CC2C58DA12009535BD /* Snapkit+.swift */; };
		BEC716D02C58DABE009535BD /* ViewModel.swift in Sources */ = {isa = PBXBuildFile; fileRef = BEC716CF2C58DABE009535BD /* ViewModel.swift */; };
/* End PBXBuildFile section */

/* Begin PBXFileReference section */
		BEC716962C587573009535BD /* RxSwiftBasic.app */ = {isa = PBXFileReference; explicitFileType = wrapper.application; includeInIndex = 0; path = RxSwiftBasic.app; sourceTree = BUILT_PRODUCTS_DIR; };
		BEC716992C587573009535BD /* AppDelegate.swift */ = {isa = PBXFileReference; lastKnownFileType = sourcecode.swift; path = AppDelegate.swift; sourceTree = "<group>"; };
		BEC7169B2C587573009535BD /* SceneDelegate.swift */ = {isa = PBXFileReference; lastKnownFileType = sourcecode.swift; path = SceneDelegate.swift; sourceTree = "<group>"; };
		BEC7169D2C587573009535BD /* ViewController.swift */ = {isa = PBXFileReference; lastKnownFileType = sourcecode.swift; path = ViewController.swift; sourceTree = "<group>"; };
		BEC716A22C587575009535BD /* Assets.xcassets */ = {isa = PBXFileReference; lastKnownFileType = folder.assetcatalog; path = Assets.xcassets; sourceTree = "<group>"; };
		BEC716A52C587575009535BD /* Base */ = {isa = PBXFileReference; lastKnownFileType = file.storyboard; name = Base; path = Base.lproj/LaunchScreen.storyboard; sourceTree = "<group>"; };
		BEC716A72C587575009535BD /* Info.plist */ = {isa = PBXFileReference; lastKnownFileType = text.plist.xml; path = Info.plist; sourceTree = "<group>"; };
		BEC716C12C58D90A009535BD /* .gitignore */ = {isa = PBXFileReference; lastKnownFileType = text; path = .gitignore; sourceTree = "<group>"; };
		BEC716C62C58D999009535BD /* UIViewController+.swift */ = {isa = PBXFileReference; lastKnownFileType = sourcecode.swift; path = "UIViewController+.swift"; sourceTree = "<group>"; };
		BEC716C82C58D9D6009535BD /* RxCocoa+.swift */ = {isa = PBXFileReference; lastKnownFileType = sourcecode.swift; path = "RxCocoa+.swift"; sourceTree = "<group>"; };
		BEC716CA2C58D9F5009535BD /* RxSwift+.swift */ = {isa = PBXFileReference; lastKnownFileType = sourcecode.swift; path = "RxSwift+.swift"; sourceTree = "<group>"; };
		BEC716CC2C58DA12009535BD /* Snapkit+.swift */ = {isa = PBXFileReference; lastKnownFileType = sourcecode.swift; path = "Snapkit+.swift"; sourceTree = "<group>"; };
		BEC716CF2C58DABE009535BD /* ViewModel.swift */ = {isa = PBXFileReference; lastKnownFileType = sourcecode.swift; path = ViewModel.swift; sourceTree = "<group>"; };
/* End PBXFileReference section */

/* Begin PBXFrameworksBuildPhase section */
		BEC716932C587573009535BD /* Frameworks */ = {
			isa = PBXFrameworksBuildPhase;
			buildActionMask = 2147483647;
			files = (
				BEC716B72C587B08009535BD /* SnapKit in Frameworks */,
				BEC716B12C58759A009535BD /* RxSwift in Frameworks */,
				BEC716AF2C58759A009535BD /* RxCocoa in Frameworks */,
			);
			runOnlyForDeploymentPostprocessing = 0;
		};
/* End PBXFrameworksBuildPhase section */

/* Begin PBXGroup section */
		BEC7168D2C587573009535BD = {
			isa = PBXGroup;
			children = (
				BEC716C12C58D90A009535BD /* .gitignore */,
				BEC716982C587573009535BD /* RxSwiftBasic */,
				BEC716972C587573009535BD /* Products */,
			);
			sourceTree = "<group>";
		};
		BEC716972C587573009535BD /* Products */ = {
			isa = PBXGroup;
			children = (
				BEC716962C587573009535BD /* RxSwiftBasic.app */,
			);
			name = Products;
			sourceTree = "<group>";
		};
		BEC716982C587573009535BD /* RxSwiftBasic */ = {
			isa = PBXGroup;
			children = (
				BEC716C02C58D8A7009535BD /* Sources */,
				BEC716BF2C58D89F009535BD /* Resources */,
			);
			path = RxSwiftBasic;
			sourceTree = "<group>";
		};
		BEC716BE2C58D87B009535BD /* App */ = {
			isa = PBXGroup;
			children = (
				BEC716992C587573009535BD /* AppDelegate.swift */,
				BEC7169B2C587573009535BD /* SceneDelegate.swift */,
			);
			path = App;
			sourceTree = "<group>";
		};
		BEC716BF2C58D89F009535BD /* Resources */ = {
			isa = PBXGroup;
			children = (
				BEC716A22C587575009535BD /* Assets.xcassets */,
				BEC716A42C587575009535BD /* LaunchScreen.storyboard */,
				BEC716A72C587575009535BD /* Info.plist */,
			);
			path = Resources;
			sourceTree = "<group>";
		};
		BEC716C02C58D8A7009535BD /* Sources */ = {
			isa = PBXGroup;
			children = (
				BEC716BE2C58D87B009535BD /* App */,
				BEC716C42C58D976009535BD /* Foundation */,
				BEC716C32C58D96F009535BD /* Presentation */,
			);
			path = Sources;
			sourceTree = "<group>";
		};
		BEC716C32C58D96F009535BD /* Presentation */ = {
			isa = PBXGroup;
			children = (
				BEC7169D2C587573009535BD /* ViewController.swift */,
			);
			path = Presentation;
			sourceTree = "<group>";
		};
		BEC716C42C58D976009535BD /* Foundation */ = {
			isa = PBXGroup;
			children = (
				BEC716CE2C58DA8D009535BD /* Architecture */,
				BEC716C52C58D97D009535BD /* Extension */,
			);
			path = Foundation;
			sourceTree = "<group>";
		};
		BEC716C52C58D97D009535BD /* Extension */ = {
			isa = PBXGroup;
			children = (
				BEC716CA2C58D9F5009535BD /* RxSwift+.swift */,
				BEC716C82C58D9D6009535BD /* RxCocoa+.swift */,
				BEC716CC2C58DA12009535BD /* Snapkit+.swift */,
				BEC716C62C58D999009535BD /* UIViewController+.swift */,
			);
			path = Extension;
			sourceTree = "<group>";
		};
		BEC716CE2C58DA8D009535BD /* Architecture */ = {
			isa = PBXGroup;
			children = (
				BEC716CF2C58DABE009535BD /* ViewModel.swift */,
			);
			path = Architecture;
			sourceTree = "<group>";
		};
/* End PBXGroup section */

/* Begin PBXNativeTarget section */
		BEC716952C587573009535BD /* RxSwiftBasic */ = {
			isa = PBXNativeTarget;
			buildConfigurationList = BEC716AA2C587575009535BD /* Build configuration list for PBXNativeTarget "RxSwiftBasic" */;
			buildPhases = (
				BEC716922C587573009535BD /* Sources */,
				BEC716932C587573009535BD /* Frameworks */,
				BEC716942C587573009535BD /* Resources */,
			);
			buildRules = (
			);
			dependencies = (
			);
			name = RxSwiftBasic;
			packageProductDependencies = (
				BEC716AE2C58759A009535BD /* RxCocoa */,
				BEC716B02C58759A009535BD /* RxSwift */,
				BEC716B62C587B08009535BD /* SnapKit */,
			);
			productName = RxSwiftBasic;
			productReference = BEC716962C587573009535BD /* RxSwiftBasic.app */;
			productType = "com.apple.product-type.application";
		};
/* End PBXNativeTarget section */

/* Begin PBXProject section */
		BEC7168E2C587573009535BD /* Project object */ = {
			isa = PBXProject;
			attributes = {
				BuildIndependentTargetsInParallel = 1;
				LastSwiftUpdateCheck = 1540;
				LastUpgradeCheck = 1540;
				TargetAttributes = {
					BEC716952C587573009535BD = {
						CreatedOnToolsVersion = 15.4;
					};
				};
			};
			buildConfigurationList = BEC716912C587573009535BD /* Build configuration list for PBXProject "RxSwiftBasic" */;
			compatibilityVersion = "Xcode 14.0";
			developmentRegion = en;
			hasScannedForEncodings = 0;
			knownRegions = (
				en,
				Base,
			);
			mainGroup = BEC7168D2C587573009535BD;
			packageReferences = (
				BEC716AD2C58759A009535BD /* XCRemoteSwiftPackageReference "RxSwift" */,
				BEC716B52C587B08009535BD /* XCRemoteSwiftPackageReference "SnapKit" */,
			);
			productRefGroup = BEC716972C587573009535BD /* Products */;
			projectDirPath = "";
			projectRoot = "";
			targets = (
				BEC716952C587573009535BD /* RxSwiftBasic */,
			);
		};
/* End PBXProject section */

/* Begin PBXResourcesBuildPhase section */
		BEC716942C587573009535BD /* Resources */ = {
			isa = PBXResourcesBuildPhase;
			buildActionMask = 2147483647;
			files = (
				BEC716A32C587575009535BD /* Assets.xcassets in Resources */,
				BEC716C22C58D90A009535BD /* .gitignore in Resources */,
				BEC716A62C587575009535BD /* Base in Resources */,
			);
			runOnlyForDeploymentPostprocessing = 0;
		};
/* End PBXResourcesBuildPhase section */

/* Begin PBXSourcesBuildPhase section */
		BEC716922C587573009535BD /* Sources */ = {
			isa = PBXSourcesBuildPhase;
			buildActionMask = 2147483647;
			files = (
				BEC7169E2C587573009535BD /* ViewController.swift in Sources */,
				BEC716CB2C58D9F5009535BD /* RxSwift+.swift in Sources */,
				BEC716CD2C58DA12009535BD /* Snapkit+.swift in Sources */,
				BEC716C92C58D9D6009535BD /* RxCocoa+.swift in Sources */,
				BEC7169A2C587573009535BD /* AppDelegate.swift in Sources */,
				BEC716C72C58D999009535BD /* UIViewController+.swift in Sources */,
				BEC716D02C58DABE009535BD /* ViewModel.swift in Sources */,
				BEC7169C2C587573009535BD /* SceneDelegate.swift in Sources */,
			);
			runOnlyForDeploymentPostprocessing = 0;
		};
/* End PBXSourcesBuildPhase section */

/* Begin PBXVariantGroup section */
		BEC716A42C587575009535BD /* LaunchScreen.storyboard */ = {
			isa = PBXVariantGroup;
			children = (
				BEC716A52C587575009535BD /* Base */,
			);
			name = LaunchScreen.storyboard;
			sourceTree = "<group>";
		};
/* End PBXVariantGroup section */

/* Begin XCBuildConfiguration section */
		BEC716A82C587575009535BD /* Debug */ = {
			isa = XCBuildConfiguration;
			buildSettings = {
				ALWAYS_SEARCH_USER_PATHS = NO;
				ASSETCATALOG_COMPILER_GENERATE_SWIFT_ASSET_SYMBOL_EXTENSIONS = YES;
				CLANG_ANALYZER_NONNULL = YES;
				CLANG_ANALYZER_NUMBER_OBJECT_CONVERSION = YES_AGGRESSIVE;
				CLANG_CXX_LANGUAGE_STANDARD = "gnu++20";
				CLANG_ENABLE_MODULES = YES;
				CLANG_ENABLE_OBJC_ARC = YES;
				CLANG_ENABLE_OBJC_WEAK = YES;
				CLANG_WARN_BLOCK_CAPTURE_AUTORELEASING = YES;
				CLANG_WARN_BOOL_CONVERSION = YES;
				CLANG_WARN_COMMA = YES;
				CLANG_WARN_CONSTANT_CONVERSION = YES;
				CLANG_WARN_DEPRECATED_OBJC_IMPLEMENTATIONS = YES;
				CLANG_WARN_DIRECT_OBJC_ISA_USAGE = YES_ERROR;
				CLANG_WARN_DOCUMENTATION_COMMENTS = YES;
				CLANG_WARN_EMPTY_BODY = YES;
				CLANG_WARN_ENUM_CONVERSION = YES;
				CLANG_WARN_INFINITE_RECURSION = YES;
				CLANG_WARN_INT_CONVERSION = YES;
				CLANG_WARN_NON_LITERAL_NULL_CONVERSION = YES;
				CLANG_WARN_OBJC_IMPLICIT_RETAIN_SELF = YES;
				CLANG_WARN_OBJC_LITERAL_CONVERSION = YES;
				CLANG_WARN_OBJC_ROOT_CLASS = YES_ERROR;
				CLANG_WARN_QUOTED_INCLUDE_IN_FRAMEWORK_HEADER = YES;
				CLANG_WARN_RANGE_LOOP_ANALYSIS = YES;
				CLANG_WARN_STRICT_PROTOTYPES = YES;
				CLANG_WARN_SUSPICIOUS_MOVE = YES;
				CLANG_WARN_UNGUARDED_AVAILABILITY = YES_AGGRESSIVE;
				CLANG_WARN_UNREACHABLE_CODE = YES;
				CLANG_WARN__DUPLICATE_METHOD_MATCH = YES;
				COPY_PHASE_STRIP = NO;
				DEBUG_INFORMATION_FORMAT = dwarf;
				ENABLE_STRICT_OBJC_MSGSEND = YES;
				ENABLE_TESTABILITY = YES;
				ENABLE_USER_SCRIPT_SANDBOXING = YES;
				GCC_C_LANGUAGE_STANDARD = gnu17;
				GCC_DYNAMIC_NO_PIC = NO;
				GCC_NO_COMMON_BLOCKS = YES;
				GCC_OPTIMIZATION_LEVEL = 0;
				GCC_PREPROCESSOR_DEFINITIONS = (
					"DEBUG=1",
					"$(inherited)",
				);
				GCC_WARN_64_TO_32_BIT_CONVERSION = YES;
				GCC_WARN_ABOUT_RETURN_TYPE = YES_ERROR;
				GCC_WARN_UNDECLARED_SELECTOR = YES;
				GCC_WARN_UNINITIALIZED_AUTOS = YES_AGGRESSIVE;
				GCC_WARN_UNUSED_FUNCTION = YES;
				GCC_WARN_UNUSED_VARIABLE = YES;
				IPHONEOS_DEPLOYMENT_TARGET = 17.5;
				LOCALIZATION_PREFERS_STRING_CATALOGS = YES;
				MTL_ENABLE_DEBUG_INFO = INCLUDE_SOURCE;
				MTL_FAST_MATH = YES;
				ONLY_ACTIVE_ARCH = YES;
				SDKROOT = iphoneos;
				SWIFT_ACTIVE_COMPILATION_CONDITIONS = "DEBUG $(inherited)";
				SWIFT_OPTIMIZATION_LEVEL = "-Onone";
			};
			name = Debug;
		};
		BEC716A92C587575009535BD /* Release */ = {
			isa = XCBuildConfiguration;
			buildSettings = {
				ALWAYS_SEARCH_USER_PATHS = NO;
				ASSETCATALOG_COMPILER_GENERATE_SWIFT_ASSET_SYMBOL_EXTENSIONS = YES;
				CLANG_ANALYZER_NONNULL = YES;
				CLANG_ANALYZER_NUMBER_OBJECT_CONVERSION = YES_AGGRESSIVE;
				CLANG_CXX_LANGUAGE_STANDARD = "gnu++20";
				CLANG_ENABLE_MODULES = YES;
				CLANG_ENABLE_OBJC_ARC = YES;
				CLANG_ENABLE_OBJC_WEAK = YES;
				CLANG_WARN_BLOCK_CAPTURE_AUTORELEASING = YES;
				CLANG_WARN_BOOL_CONVERSION = YES;
				CLANG_WARN_COMMA = YES;
				CLANG_WARN_CONSTANT_CONVERSION = YES;
				CLANG_WARN_DEPRECATED_OBJC_IMPLEMENTATIONS = YES;
				CLANG_WARN_DIRECT_OBJC_ISA_USAGE = YES_ERROR;
				CLANG_WARN_DOCUMENTATION_COMMENTS = YES;
				CLANG_WARN_EMPTY_BODY = YES;
				CLANG_WARN_ENUM_CONVERSION = YES;
				CLANG_WARN_INFINITE_RECURSION = YES;
				CLANG_WARN_INT_CONVERSION = YES;
				CLANG_WARN_NON_LITERAL_NULL_CONVERSION = YES;
				CLANG_WARN_OBJC_IMPLICIT_RETAIN_SELF = YES;
				CLANG_WARN_OBJC_LITERAL_CONVERSION = YES;
				CLANG_WARN_OBJC_ROOT_CLASS = YES_ERROR;
				CLANG_WARN_QUOTED_INCLUDE_IN_FRAMEWORK_HEADER = YES;
				CLANG_WARN_RANGE_LOOP_ANALYSIS = YES;
				CLANG_WARN_STRICT_PROTOTYPES = YES;
				CLANG_WARN_SUSPICIOUS_MOVE = YES;
				CLANG_WARN_UNGUARDED_AVAILABILITY = YES_AGGRESSIVE;
				CLANG_WARN_UNREACHABLE_CODE = YES;
				CLANG_WARN__DUPLICATE_METHOD_MATCH = YES;
				COPY_PHASE_STRIP = NO;
				DEBUG_INFORMATION_FORMAT = "dwarf-with-dsym";
				ENABLE_NS_ASSERTIONS = NO;
				ENABLE_STRICT_OBJC_MSGSEND = YES;
				ENABLE_USER_SCRIPT_SANDBOXING = YES;
				GCC_C_LANGUAGE_STANDARD = gnu17;
				GCC_NO_COMMON_BLOCKS = YES;
				GCC_WARN_64_TO_32_BIT_CONVERSION = YES;
				GCC_WARN_ABOUT_RETURN_TYPE = YES_ERROR;
				GCC_WARN_UNDECLARED_SELECTOR = YES;
				GCC_WARN_UNINITIALIZED_AUTOS = YES_AGGRESSIVE;
				GCC_WARN_UNUSED_FUNCTION = YES;
				GCC_WARN_UNUSED_VARIABLE = YES;
				IPHONEOS_DEPLOYMENT_TARGET = 17.5;
				LOCALIZATION_PREFERS_STRING_CATALOGS = YES;
				MTL_ENABLE_DEBUG_INFO = NO;
				MTL_FAST_MATH = YES;
				SDKROOT = iphoneos;
				SWIFT_COMPILATION_MODE = wholemodule;
				VALIDATE_PRODUCT = YES;
			};
			name = Release;
		};
		BEC716AB2C587575009535BD /* Debug */ = {
			isa = XCBuildConfiguration;
			buildSettings = {
				ASSETCATALOG_COMPILER_APPICON_NAME = AppIcon;
				ASSETCATALOG_COMPILER_GLOBAL_ACCENT_COLOR_NAME = AccentColor;
				CODE_SIGN_STYLE = Automatic;
				CURRENT_PROJECT_VERSION = 1;
				DEVELOPMENT_TEAM = ASU4PNB5MG;
				GENERATE_INFOPLIST_FILE = YES;
				INFOPLIST_FILE = RxSwiftBasic/Resources/Info.plist;
				INFOPLIST_KEY_UIApplicationSupportsIndirectInputEvents = YES;
				INFOPLIST_KEY_UILaunchStoryboardName = LaunchScreen;
				INFOPLIST_KEY_UISupportedInterfaceOrientations_iPad = "UIInterfaceOrientationPortrait UIInterfaceOrientationPortraitUpsideDown UIInterfaceOrientationLandscapeLeft UIInterfaceOrientationLandscapeRight";
				INFOPLIST_KEY_UISupportedInterfaceOrientations_iPhone = "UIInterfaceOrientationPortrait UIInterfaceOrientationLandscapeLeft UIInterfaceOrientationLandscapeRight";
				LD_RUNPATH_SEARCH_PATHS = (
					"$(inherited)",
					"@executable_path/Frameworks",
				);
				MARKETING_VERSION = 1.0;
				PRODUCT_BUNDLE_IDENTIFIER = com.geonseobkim.RxSwiftBasic;
				PRODUCT_NAME = "$(TARGET_NAME)";
				SWIFT_EMIT_LOC_STRINGS = YES;
				SWIFT_VERSION = 5.0;
				TARGETED_DEVICE_FAMILY = "1,2";
			};
			name = Debug;
		};
		BEC716AC2C587575009535BD /* Release */ = {
			isa = XCBuildConfiguration;
			buildSettings = {
				ASSETCATALOG_COMPILER_APPICON_NAME = AppIcon;
				ASSETCATALOG_COMPILER_GLOBAL_ACCENT_COLOR_NAME = AccentColor;
				CODE_SIGN_STYLE = Automatic;
				CURRENT_PROJECT_VERSION = 1;
				DEVELOPMENT_TEAM = ASU4PNB5MG;
				GENERATE_INFOPLIST_FILE = YES;
				INFOPLIST_FILE = RxSwiftBasic/Resources/Info.plist;
				INFOPLIST_KEY_UIApplicationSupportsIndirectInputEvents = YES;
				INFOPLIST_KEY_UILaunchStoryboardName = LaunchScreen;
				INFOPLIST_KEY_UISupportedInterfaceOrientations_iPad = "UIInterfaceOrientationPortrait UIInterfaceOrientationPortraitUpsideDown UIInterfaceOrientationLandscapeLeft UIInterfaceOrientationLandscapeRight";
				INFOPLIST_KEY_UISupportedInterfaceOrientations_iPhone = "UIInterfaceOrientationPortrait UIInterfaceOrientationLandscapeLeft UIInterfaceOrientationLandscapeRight";
				LD_RUNPATH_SEARCH_PATHS = (
					"$(inherited)",
					"@executable_path/Frameworks",
				);
				MARKETING_VERSION = 1.0;
				PRODUCT_BUNDLE_IDENTIFIER = com.geonseobkim.RxSwiftBasic;
				PRODUCT_NAME = "$(TARGET_NAME)";
				SWIFT_EMIT_LOC_STRINGS = YES;
				SWIFT_VERSION = 5.0;
				TARGETED_DEVICE_FAMILY = "1,2";
			};
			name = Release;
		};
/* End XCBuildConfiguration section */

/* Begin XCConfigurationList section */
		BEC716912C587573009535BD /* Build configuration list for PBXProject "RxSwiftBasic" */ = {
			isa = XCConfigurationList;
			buildConfigurations = (
				BEC716A82C587575009535BD /* Debug */,
				BEC716A92C587575009535BD /* Release */,
			);
			defaultConfigurationIsVisible = 0;
			defaultConfigurationName = Release;
		};
		BEC716AA2C587575009535BD /* Build configuration list for PBXNativeTarget "RxSwiftBasic" */ = {
			isa = XCConfigurationList;
			buildConfigurations = (
				BEC716AB2C587575009535BD /* Debug */,
				BEC716AC2C587575009535BD /* Release */,
			);
			defaultConfigurationIsVisible = 0;
			defaultConfigurationName = Release;
		};
/* End XCConfigurationList section */

/* Begin XCRemoteSwiftPackageReference section */
		BEC716AD2C58759A009535BD /* XCRemoteSwiftPackageReference "RxSwift" */ = {
			isa = XCRemoteSwiftPackageReference;
			repositoryURL = "https://github.com/ReactiveX/RxSwift";
			requirement = {
				kind = upToNextMajorVersion;
				minimumVersion = 6.7.1;
			};
		};
		BEC716B52C587B08009535BD /* XCRemoteSwiftPackageReference "SnapKit" */ = {
			isa = XCRemoteSwiftPackageReference;
			repositoryURL = "https://github.com/SnapKit/SnapKit.git";
			requirement = {
				kind = upToNextMajorVersion;
				minimumVersion = 5.7.1;
			};
		};
/* End XCRemoteSwiftPackageReference section */

/* Begin XCSwiftPackageProductDependency section */
		BEC716AE2C58759A009535BD /* RxCocoa */ = {
			isa = XCSwiftPackageProductDependency;
			package = BEC716AD2C58759A009535BD /* XCRemoteSwiftPackageReference "RxSwift" */;
			productName = RxCocoa;
		};
		BEC716B02C58759A009535BD /* RxSwift */ = {
			isa = XCSwiftPackageProductDependency;
			package = BEC716AD2C58759A009535BD /* XCRemoteSwiftPackageReference "RxSwift" */;
			productName = RxSwift;
		};
		BEC716B62C587B08009535BD /* SnapKit */ = {
			isa = XCSwiftPackageProductDependency;
			package = BEC716B52C587B08009535BD /* XCRemoteSwiftPackageReference "SnapKit" */;
			productName = SnapKit;
		};
/* End XCSwiftPackageProductDependency section */
	};
	rootObject = BEC7168E2C587573009535BD /* Project object */;
}
